
Microsoft Visual Studio Solution File, Format Version 12.00
# Visual Studio Version 16
VisualStudioVersion = 16.0.31729.503
MinimumVisualStudioVersion = 10.0.40219.1
Project("{FAE04EC0-301F-11D3-BF4B-00C04F79EFBC}") = "GitProject", "GitProject.csproj", "{068573A4-DC09-4F42-9267-AD26079601A2}"
EndProject
Global
	GlobalSection(SolutionConfigurationPlatforms) = preSolution
		Debug|Any CPU = Debug|Any CPU
		Release|Any CPU = Release|Any CPU
	EndGlobalSection
	GlobalSection(ProjectConfigurationPlatforms) = postSolution
		{068573A4-DC09-4F42-9267-AD26079601A2}.Debug|Any CPU.ActiveCfg = Debug|Any CPU
		{068573A4-DC09-4F42-9267-AD26079601A2}.Debug|Any CPU.Build.0 = Debug|Any CPU
		{068573A4-DC09-4F42-9267-AD26079601A2}.Release|Any CPU.ActiveCfg = Release|Any CPU
		{068573A4-DC09-4F42-9267-AD26079601A2}.Release|Any CPU.Build.0 = Release|Any CPU
	EndGlobalSection
	GlobalSection(SolutionProperties) = preSolution
		HideSolutionNode = FALSE
	EndGlobalSection
	GlobalSection(ExtensibilityGlobals) = postSolution
		SolutionGuid = {868FCFA9-108E-404E-BB2F-0BCD757C8765}
	EndGlobalSection
EndGlobal
